// !$*UTF8*$!
{
	archiveVersion = 1;
	classes = {
	};
	objectVersion = 46;
	objects = {

/* Begin PBXBuildFile section */
		4607FC111C27C22E001AED71 /* main.m in Sources */ = {isa = PBXBuildFile; fileRef = 4607FC101C27C22E001AED71 /* main.m */; };
		4607FC141C27C22E001AED71 /* AppDelegate.m in Sources */ = {isa = PBXBuildFile; fileRef = 4607FC131C27C22E001AED71 /* AppDelegate.m */; };
		4607FC1A1C27C22E001AED71 /* Main.storyboard in Resources */ = {isa = PBXBuildFile; fileRef = 4607FC181C27C22E001AED71 /* Main.storyboard */; };
		4607FC1D1C27C22E001AED71 /* DreamOutsideTheBox.xcdatamodeld in Sources */ = {isa = PBXBuildFile; fileRef = 4607FC1B1C27C22E001AED71 /* DreamOutsideTheBox.xcdatamodeld */; };
		4607FC1F1C27C22E001AED71 /* Assets.xcassets in Resources */ = {isa = PBXBuildFile; fileRef = 4607FC1E1C27C22E001AED71 /* Assets.xcassets */; };
		4607FC221C27C22E001AED71 /* LaunchScreen.storyboard in Resources */ = {isa = PBXBuildFile; fileRef = 4607FC201C27C22E001AED71 /* LaunchScreen.storyboard */; };
		4607FC2D1C27C22F001AED71 /* DreamOutsideTheBoxTests.m in Sources */ = {isa = PBXBuildFile; fileRef = 4607FC2C1C27C22F001AED71 /* DreamOutsideTheBoxTests.m */; };
		4607FC381C27C22F001AED71 /* DreamOutsideTheBoxUITests.m in Sources */ = {isa = PBXBuildFile; fileRef = 4607FC371C27C22F001AED71 /* DreamOutsideTheBoxUITests.m */; };
		4607FC461C27C262001AED71 /* Bolts.framework in Frameworks */ = {isa = PBXBuildFile; fileRef = 4607FC451C27C262001AED71 /* Bolts.framework */; };
		4607FC481C27C281001AED71 /* Parse.framework in Frameworks */ = {isa = PBXBuildFile; fileRef = 4607FC471C27C281001AED71 /* Parse.framework */; };
		4607FC4A1C27C96E001AED71 /* AudioToolbox.framework in Frameworks */ = {isa = PBXBuildFile; fileRef = 4607FC491C27C96E001AED71 /* AudioToolbox.framework */; };
		4607FC4C1C27C973001AED71 /* CFNetwork.framework in Frameworks */ = {isa = PBXBuildFile; fileRef = 4607FC4B1C27C973001AED71 /* CFNetwork.framework */; };
		4607FC4E1C27C987001AED71 /* CoreGraphics.framework in Frameworks */ = {isa = PBXBuildFile; fileRef = 4607FC4D1C27C987001AED71 /* CoreGraphics.framework */; };
		4607FC501C27C98E001AED71 /* CoreLocation.framework in Frameworks */ = {isa = PBXBuildFile; fileRef = 4607FC4F1C27C98E001AED71 /* CoreLocation.framework */; };
		4607FC521C27CA50001AED71 /* QuartzCore.framework in Frameworks */ = {isa = PBXBuildFile; fileRef = 4607FC511C27CA50001AED71 /* QuartzCore.framework */; };
		4607FC541C27CA56001AED71 /* Security.framework in Frameworks */ = {isa = PBXBuildFile; fileRef = 4607FC531C27CA56001AED71 /* Security.framework */; };
		4607FC561C27CA69001AED71 /* SystemConfiguration.framework in Frameworks */ = {isa = PBXBuildFile; fileRef = 4607FC551C27CA69001AED71 /* SystemConfiguration.framework */; };
		4607FC581C27CA78001AED71 /* libz.tbd in Frameworks */ = {isa = PBXBuildFile; fileRef = 4607FC571C27CA78001AED71 /* libz.tbd */; };
		4607FC5A1C27CA8E001AED71 /* libsqlite3.tbd in Frameworks */ = {isa = PBXBuildFile; fileRef = 4607FC591C27CA8E001AED71 /* libsqlite3.tbd */; };
		4607FC5F1C28BDB9001AED71 /* LoginViewController.m in Sources */ = {isa = PBXBuildFile; fileRef = 4607FC5E1C28BDB9001AED71 /* LoginViewController.m */; };
		4607FC621C28BDD2001AED71 /* SignUpViewController.m in Sources */ = {isa = PBXBuildFile; fileRef = 4607FC611C28BDD2001AED71 /* SignUpViewController.m */; };
		4607FC651C28BE10001AED71 /* QuizViewController.m in Sources */ = {isa = PBXBuildFile; fileRef = 4607FC641C28BE10001AED71 /* QuizViewController.m */; };
		4607FC671C28E7BA001AED71 /* DOTB-02.png in Resources */ = {isa = PBXBuildFile; fileRef = 4607FC661C28E7BA001AED71 /* DOTB-02.png */; };
		4607FC6E1C28F0EC001AED71 /* TrainingViewController.m in Sources */ = {isa = PBXBuildFile; fileRef = 4607FC6D1C28F0EC001AED71 /* TrainingViewController.m */; };
		4607FC711C28F102001AED71 /* CalendarViewController.m in Sources */ = {isa = PBXBuildFile; fileRef = 4607FC701C28F102001AED71 /* CalendarViewController.m */; };
		4607FC741C28F13B001AED71 /* FormsViewController.m in Sources */ = {isa = PBXBuildFile; fileRef = 4607FC731C28F13B001AED71 /* FormsViewController.m */; };
		4607FC771C28F176001AED71 /* CurriculumViewController.m in Sources */ = {isa = PBXBuildFile; fileRef = 4607FC761C28F176001AED71 /* CurriculumViewController.m */; };
		4607FC7A1C28F18E001AED71 /* MoreViewController.m in Sources */ = {isa = PBXBuildFile; fileRef = 4607FC791C28F18E001AED71 /* MoreViewController.m */; };
		4607FC7C1C35CD02001AED71 /* cancelIcon.png in Resources */ = {isa = PBXBuildFile; fileRef = 4607FC7B1C35CD02001AED71 /* cancelIcon.png */; };
		4607FC801C35F4B3001AED71 /* ValidateEmail.m in Sources */ = {isa = PBXBuildFile; fileRef = 4607FC7F1C35F4B3001AED71 /* ValidateEmail.m */; };
		462FA9F81C4750D6000028F1 /* SingleQuizViewController.m in Sources */ = {isa = PBXBuildFile; fileRef = 462FA9F71C4750D6000028F1 /* SingleQuizViewController.m */; };
		462FA9FB1C4AE31D000028F1 /* CreateQuizViewController.m in Sources */ = {isa = PBXBuildFile; fileRef = 462FA9FA1C4AE31D000028F1 /* CreateQuizViewController.m */; };
		462FA9FE1C4B10FC000028F1 /* EventDetailView.m in Sources */ = {isa = PBXBuildFile; fileRef = 462FA9FD1C4B10FC000028F1 /* EventDetailView.m */; };
		462FAA001C4B14CB000028F1 /* MapKit.framework in Frameworks */ = {isa = PBXBuildFile; fileRef = 462FA9FF1C4B14CB000028F1 /* MapKit.framework */; };
		469610E71C3CD563007F2FC5 /* ImageIO.framework in Frameworks */ = {isa = PBXBuildFile; fileRef = 469610E61C3CD563007F2FC5 /* ImageIO.framework */; };
		469610E91C3CD571007F2FC5 /* MessageUI.framework in Frameworks */ = {isa = PBXBuildFile; fileRef = 469610E81C3CD571007F2FC5 /* MessageUI.framework */; };
		469610F01C3DDC4F007F2FC5 /* JQAQuotePic.jpg in Resources */ = {isa = PBXBuildFile; fileRef = 469610EF1C3DDC4F007F2FC5 /* JQAQuotePic.jpg */; };
		469610F31C3DE54B007F2FC5 /* VideosViewController.m in Sources */ = {isa = PBXBuildFile; fileRef = 469610F21C3DE54B007F2FC5 /* VideosViewController.m */; };
		469610F71C3DECF6007F2FC5 /* MediaPlayer.framework in Frameworks */ = {isa = PBXBuildFile; fileRef = 469610F61C3DECF6007F2FC5 /* MediaPlayer.framework */; };
		469610F91C3DED06007F2FC5 /* AVFoundation.framework in Frameworks */ = {isa = PBXBuildFile; fileRef = 469610F81C3DED06007F2FC5 /* AVFoundation.framework */; };
		469610FB1C3DED0D007F2FC5 /* AVKit.framework in Frameworks */ = {isa = PBXBuildFile; fileRef = 469610FA1C3DED0D007F2FC5 /* AVKit.framework */; };
		4696110E1C3DEE31007F2FC5 /* YTVimeoExtractor.m in Sources */ = {isa = PBXBuildFile; fileRef = 469611071C3DEE31007F2FC5 /* YTVimeoExtractor.m */; };
		4696110F1C3DEE31007F2FC5 /* YTVimeoExtractorOperation.m in Sources */ = {isa = PBXBuildFile; fileRef = 469611091C3DEE31007F2FC5 /* YTVimeoExtractorOperation.m */; };
		469611101C3DEE31007F2FC5 /* YTVimeoURLParser.m in Sources */ = {isa = PBXBuildFile; fileRef = 4696110B1C3DEE31007F2FC5 /* YTVimeoURLParser.m */; };
		469611111C3DEE31007F2FC5 /* YTVimeoVideo.m in Sources */ = {isa = PBXBuildFile; fileRef = 4696110D1C3DEE31007F2FC5 /* YTVimeoVideo.m */; };
		469611161C42FEE3007F2FC5 /* StandardTableViewCell.m in Sources */ = {isa = PBXBuildFile; fileRef = 469611141C42FEE3007F2FC5 /* StandardTableViewCell.m */; };
		469611171C42FEE3007F2FC5 /* StandardTableViewCell.xib in Resources */ = {isa = PBXBuildFile; fileRef = 469611151C42FEE3007F2FC5 /* StandardTableViewCell.xib */; };
		ACB0ACE8F1DA3327BC0EE659 /* libPods.a in Frameworks */ = {isa = PBXBuildFile; fileRef = 3A9DF73E25A02D384346CA08 /* libPods.a */; };
/* End PBXBuildFile section */

/* Begin PBXContainerItemProxy section */
		4607FC291C27C22F001AED71 /* PBXContainerItemProxy */ = {
			isa = PBXContainerItemProxy;
			containerPortal = 4607FC041C27C22E001AED71 /* Project object */;
			proxyType = 1;
			remoteGlobalIDString = 4607FC0B1C27C22E001AED71;
			remoteInfo = DreamOutsideTheBox;
		};
		4607FC341C27C22F001AED71 /* PBXContainerItemProxy */ = {
			isa = PBXContainerItemProxy;
			containerPortal = 4607FC041C27C22E001AED71 /* Project object */;
			proxyType = 1;
			remoteGlobalIDString = 4607FC0B1C27C22E001AED71;
			remoteInfo = DreamOutsideTheBox;
		};
/* End PBXContainerItemProxy section */

/* Begin PBXFileReference section */
		3A9DF73E25A02D384346CA08 /* libPods.a */ = {isa = PBXFileReference; explicitFileType = archive.ar; includeInIndex = 0; path = libPods.a; sourceTree = BUILT_PRODUCTS_DIR; };
		4607FC0C1C27C22E001AED71 /* DreamOutsideTheBox.app */ = {isa = PBXFileReference; explicitFileType = wrapper.application; includeInIndex = 0; path = DreamOutsideTheBox.app; sourceTree = BUILT_PRODUCTS_DIR; };
		4607FC101C27C22E001AED71 /* main.m */ = {isa = PBXFileReference; lastKnownFileType = sourcecode.c.objc; path = main.m; sourceTree = "<group>"; };
		4607FC121C27C22E001AED71 /* AppDelegate.h */ = {isa = PBXFileReference; lastKnownFileType = sourcecode.c.h; path = AppDelegate.h; sourceTree = "<group>"; };
		4607FC131C27C22E001AED71 /* AppDelegate.m */ = {isa = PBXFileReference; lastKnownFileType = sourcecode.c.objc; path = AppDelegate.m; sourceTree = "<group>"; };
		4607FC191C27C22E001AED71 /* Base */ = {isa = PBXFileReference; lastKnownFileType = file.storyboard; name = Base; path = Base.lproj/Main.storyboard; sourceTree = "<group>"; };
		4607FC1C1C27C22E001AED71 /* DreamOutsideTheBox.xcdatamodel */ = {isa = PBXFileReference; lastKnownFileType = wrapper.xcdatamodel; path = DreamOutsideTheBox.xcdatamodel; sourceTree = "<group>"; };
		4607FC1E1C27C22E001AED71 /* Assets.xcassets */ = {isa = PBXFileReference; lastKnownFileType = folder.assetcatalog; path = Assets.xcassets; sourceTree = "<group>"; };
		4607FC211C27C22E001AED71 /* Base */ = {isa = PBXFileReference; lastKnownFileType = file.storyboard; name = Base; path = Base.lproj/LaunchScreen.storyboard; sourceTree = "<group>"; };
		4607FC231C27C22E001AED71 /* Info.plist */ = {isa = PBXFileReference; lastKnownFileType = text.plist.xml; path = Info.plist; sourceTree = "<group>"; };
		4607FC281C27C22F001AED71 /* DreamOutsideTheBoxTests.xctest */ = {isa = PBXFileReference; explicitFileType = wrapper.cfbundle; includeInIndex = 0; path = DreamOutsideTheBoxTests.xctest; sourceTree = BUILT_PRODUCTS_DIR; };
		4607FC2C1C27C22F001AED71 /* DreamOutsideTheBoxTests.m */ = {isa = PBXFileReference; lastKnownFileType = sourcecode.c.objc; path = DreamOutsideTheBoxTests.m; sourceTree = "<group>"; };
		4607FC2E1C27C22F001AED71 /* Info.plist */ = {isa = PBXFileReference; lastKnownFileType = text.plist.xml; path = Info.plist; sourceTree = "<group>"; };
		4607FC331C27C22F001AED71 /* DreamOutsideTheBoxUITests.xctest */ = {isa = PBXFileReference; explicitFileType = wrapper.cfbundle; includeInIndex = 0; path = DreamOutsideTheBoxUITests.xctest; sourceTree = BUILT_PRODUCTS_DIR; };
		4607FC371C27C22F001AED71 /* DreamOutsideTheBoxUITests.m */ = {isa = PBXFileReference; lastKnownFileType = sourcecode.c.objc; path = DreamOutsideTheBoxUITests.m; sourceTree = "<group>"; };
		4607FC391C27C22F001AED71 /* Info.plist */ = {isa = PBXFileReference; lastKnownFileType = text.plist.xml; path = Info.plist; sourceTree = "<group>"; };
		4607FC451C27C262001AED71 /* Bolts.framework */ = {isa = PBXFileReference; lastKnownFileType = wrapper.framework; name = Bolts.framework; path = DreamOutsideTheBox/Bolts.framework; sourceTree = "<group>"; };
		4607FC471C27C281001AED71 /* Parse.framework */ = {isa = PBXFileReference; lastKnownFileType = wrapper.framework; name = Parse.framework; path = DreamOutsideTheBox/Parse.framework; sourceTree = "<group>"; };
		4607FC491C27C96E001AED71 /* AudioToolbox.framework */ = {isa = PBXFileReference; lastKnownFileType = wrapper.framework; name = AudioToolbox.framework; path = System/Library/Frameworks/AudioToolbox.framework; sourceTree = SDKROOT; };
		4607FC4B1C27C973001AED71 /* CFNetwork.framework */ = {isa = PBXFileReference; lastKnownFileType = wrapper.framework; name = CFNetwork.framework; path = System/Library/Frameworks/CFNetwork.framework; sourceTree = SDKROOT; };
		4607FC4D1C27C987001AED71 /* CoreGraphics.framework */ = {isa = PBXFileReference; lastKnownFileType = wrapper.framework; name = CoreGraphics.framework; path = System/Library/Frameworks/CoreGraphics.framework; sourceTree = SDKROOT; };
		4607FC4F1C27C98E001AED71 /* CoreLocation.framework */ = {isa = PBXFileReference; lastKnownFileType = wrapper.framework; name = CoreLocation.framework; path = System/Library/Frameworks/CoreLocation.framework; sourceTree = SDKROOT; };
		4607FC511C27CA50001AED71 /* QuartzCore.framework */ = {isa = PBXFileReference; lastKnownFileType = wrapper.framework; name = QuartzCore.framework; path = System/Library/Frameworks/QuartzCore.framework; sourceTree = SDKROOT; };
		4607FC531C27CA56001AED71 /* Security.framework */ = {isa = PBXFileReference; lastKnownFileType = wrapper.framework; name = Security.framework; path = System/Library/Frameworks/Security.framework; sourceTree = SDKROOT; };
		4607FC551C27CA69001AED71 /* SystemConfiguration.framework */ = {isa = PBXFileReference; lastKnownFileType = wrapper.framework; name = SystemConfiguration.framework; path = System/Library/Frameworks/SystemConfiguration.framework; sourceTree = SDKROOT; };
		4607FC571C27CA78001AED71 /* libz.tbd */ = {isa = PBXFileReference; lastKnownFileType = "sourcecode.text-based-dylib-definition"; name = libz.tbd; path = usr/lib/libz.tbd; sourceTree = SDKROOT; };
		4607FC591C27CA8E001AED71 /* libsqlite3.tbd */ = {isa = PBXFileReference; lastKnownFileType = "sourcecode.text-based-dylib-definition"; name = libsqlite3.tbd; path = usr/lib/libsqlite3.tbd; sourceTree = SDKROOT; };
		4607FC5D1C28BDB9001AED71 /* LoginViewController.h */ = {isa = PBXFileReference; fileEncoding = 4; lastKnownFileType = sourcecode.c.h; path = LoginViewController.h; sourceTree = "<group>"; };
		4607FC5E1C28BDB9001AED71 /* LoginViewController.m */ = {isa = PBXFileReference; fileEncoding = 4; lastKnownFileType = sourcecode.c.objc; path = LoginViewController.m; sourceTree = "<group>"; };
		4607FC601C28BDD2001AED71 /* SignUpViewController.h */ = {isa = PBXFileReference; fileEncoding = 4; lastKnownFileType = sourcecode.c.h; path = SignUpViewController.h; sourceTree = "<group>"; };
		4607FC611C28BDD2001AED71 /* SignUpViewController.m */ = {isa = PBXFileReference; fileEncoding = 4; lastKnownFileType = sourcecode.c.objc; path = SignUpViewController.m; sourceTree = "<group>"; };
		4607FC631C28BE10001AED71 /* QuizViewController.h */ = {isa = PBXFileReference; fileEncoding = 4; lastKnownFileType = sourcecode.c.h; path = QuizViewController.h; sourceTree = "<group>"; };
		4607FC641C28BE10001AED71 /* QuizViewController.m */ = {isa = PBXFileReference; fileEncoding = 4; lastKnownFileType = sourcecode.c.objc; path = QuizViewController.m; sourceTree = "<group>"; };
		4607FC661C28E7BA001AED71 /* DOTB-02.png */ = {isa = PBXFileReference; lastKnownFileType = image.png; name = "DOTB-02.png"; path = "DreamOutsideTheBox/DOTB-02.png"; sourceTree = "<group>"; };
		4607FC6C1C28F0EC001AED71 /* TrainingViewController.h */ = {isa = PBXFileReference; fileEncoding = 4; lastKnownFileType = sourcecode.c.h; path = TrainingViewController.h; sourceTree = "<group>"; };
		4607FC6D1C28F0EC001AED71 /* TrainingViewController.m */ = {isa = PBXFileReference; fileEncoding = 4; lastKnownFileType = sourcecode.c.objc; path = TrainingViewController.m; sourceTree = "<group>"; };
		4607FC6F1C28F102001AED71 /* CalendarViewController.h */ = {isa = PBXFileReference; fileEncoding = 4; lastKnownFileType = sourcecode.c.h; path = CalendarViewController.h; sourceTree = "<group>"; };
		4607FC701C28F102001AED71 /* CalendarViewController.m */ = {isa = PBXFileReference; fileEncoding = 4; lastKnownFileType = sourcecode.c.objc; path = CalendarViewController.m; sourceTree = "<group>"; };
		4607FC721C28F13A001AED71 /* FormsViewController.h */ = {isa = PBXFileReference; fileEncoding = 4; lastKnownFileType = sourcecode.c.h; path = FormsViewController.h; sourceTree = "<group>"; };
		4607FC731C28F13B001AED71 /* FormsViewController.m */ = {isa = PBXFileReference; fileEncoding = 4; lastKnownFileType = sourcecode.c.objc; path = FormsViewController.m; sourceTree = "<group>"; };
		4607FC751C28F176001AED71 /* CurriculumViewController.h */ = {isa = PBXFileReference; fileEncoding = 4; lastKnownFileType = sourcecode.c.h; path = CurriculumViewController.h; sourceTree = "<group>"; };
		4607FC761C28F176001AED71 /* CurriculumViewController.m */ = {isa = PBXFileReference; fileEncoding = 4; lastKnownFileType = sourcecode.c.objc; path = CurriculumViewController.m; sourceTree = "<group>"; };
		4607FC781C28F18E001AED71 /* MoreViewController.h */ = {isa = PBXFileReference; fileEncoding = 4; lastKnownFileType = sourcecode.c.h; path = MoreViewController.h; sourceTree = "<group>"; };
		4607FC791C28F18E001AED71 /* MoreViewController.m */ = {isa = PBXFileReference; fileEncoding = 4; lastKnownFileType = sourcecode.c.objc; path = MoreViewController.m; sourceTree = "<group>"; };
		4607FC7B1C35CD02001AED71 /* cancelIcon.png */ = {isa = PBXFileReference; lastKnownFileType = image.png; path = cancelIcon.png; sourceTree = "<group>"; };
		4607FC7E1C35F4B3001AED71 /* ValidateEmail.h */ = {isa = PBXFileReference; fileEncoding = 4; lastKnownFileType = sourcecode.c.h; path = ValidateEmail.h; sourceTree = "<group>"; };
		4607FC7F1C35F4B3001AED71 /* ValidateEmail.m */ = {isa = PBXFileReference; fileEncoding = 4; lastKnownFileType = sourcecode.c.objc; path = ValidateEmail.m; sourceTree = "<group>"; };
		462FA9F61C4750D6000028F1 /* SingleQuizViewController.h */ = {isa = PBXFileReference; fileEncoding = 4; lastKnownFileType = sourcecode.c.h; path = SingleQuizViewController.h; sourceTree = "<group>"; };
		462FA9F71C4750D6000028F1 /* SingleQuizViewController.m */ = {isa = PBXFileReference; fileEncoding = 4; lastKnownFileType = sourcecode.c.objc; path = SingleQuizViewController.m; sourceTree = "<group>"; };
		462FA9F91C4AE31C000028F1 /* CreateQuizViewController.h */ = {isa = PBXFileReference; fileEncoding = 4; lastKnownFileType = sourcecode.c.h; path = CreateQuizViewController.h; sourceTree = "<group>"; };
		462FA9FA1C4AE31D000028F1 /* CreateQuizViewController.m */ = {isa = PBXFileReference; fileEncoding = 4; lastKnownFileType = sourcecode.c.objc; path = CreateQuizViewController.m; sourceTree = "<group>"; };
		462FA9FC1C4B10FC000028F1 /* EventDetailView.h */ = {isa = PBXFileReference; fileEncoding = 4; lastKnownFileType = sourcecode.c.h; path = EventDetailView.h; sourceTree = "<group>"; };
		462FA9FD1C4B10FC000028F1 /* EventDetailView.m */ = {isa = PBXFileReference; fileEncoding = 4; lastKnownFileType = sourcecode.c.objc; path = EventDetailView.m; sourceTree = "<group>"; };
		462FA9FF1C4B14CB000028F1 /* MapKit.framework */ = {isa = PBXFileReference; lastKnownFileType = wrapper.framework; name = MapKit.framework; path = System/Library/Frameworks/MapKit.framework; sourceTree = SDKROOT; };
		469610E61C3CD563007F2FC5 /* ImageIO.framework */ = {isa = PBXFileReference; lastKnownFileType = wrapper.framework; name = ImageIO.framework; path = System/Library/Frameworks/ImageIO.framework; sourceTree = SDKROOT; };
		469610E81C3CD571007F2FC5 /* MessageUI.framework */ = {isa = PBXFileReference; lastKnownFileType = wrapper.framework; name = MessageUI.framework; path = System/Library/Frameworks/MessageUI.framework; sourceTree = SDKROOT; };
		469610EF1C3DDC4F007F2FC5 /* JQAQuotePic.jpg */ = {isa = PBXFileReference; lastKnownFileType = image.jpeg; path = JQAQuotePic.jpg; sourceTree = "<group>"; };
		469610F11C3DE54B007F2FC5 /* VideosViewController.h */ = {isa = PBXFileReference; fileEncoding = 4; lastKnownFileType = sourcecode.c.h; path = VideosViewController.h; sourceTree = "<group>"; };
		469610F21C3DE54B007F2FC5 /* VideosViewController.m */ = {isa = PBXFileReference; fileEncoding = 4; lastKnownFileType = sourcecode.c.objc; path = VideosViewController.m; sourceTree = "<group>"; };
		469610F61C3DECF6007F2FC5 /* MediaPlayer.framework */ = {isa = PBXFileReference; lastKnownFileType = wrapper.framework; name = MediaPlayer.framework; path = System/Library/Frameworks/MediaPlayer.framework; sourceTree = SDKROOT; };
		469610F81C3DED06007F2FC5 /* AVFoundation.framework */ = {isa = PBXFileReference; lastKnownFileType = wrapper.framework; name = AVFoundation.framework; path = System/Library/Frameworks/AVFoundation.framework; sourceTree = SDKROOT; };
		469610FA1C3DED0D007F2FC5 /* AVKit.framework */ = {isa = PBXFileReference; lastKnownFileType = wrapper.framework; name = AVKit.framework; path = System/Library/Frameworks/AVKit.framework; sourceTree = SDKROOT; };
		469611051C3DEE31007F2FC5 /* YTVimeoError.h */ = {isa = PBXFileReference; fileEncoding = 4; lastKnownFileType = sourcecode.c.h; path = YTVimeoError.h; sourceTree = "<group>"; };
		469611061C3DEE31007F2FC5 /* YTVimeoExtractor.h */ = {isa = PBXFileReference; fileEncoding = 4; lastKnownFileType = sourcecode.c.h; path = YTVimeoExtractor.h; sourceTree = "<group>"; };
		469611071C3DEE31007F2FC5 /* YTVimeoExtractor.m */ = {isa = PBXFileReference; fileEncoding = 4; lastKnownFileType = sourcecode.c.objc; path = YTVimeoExtractor.m; sourceTree = "<group>"; };
		469611081C3DEE31007F2FC5 /* YTVimeoExtractorOperation.h */ = {isa = PBXFileReference; fileEncoding = 4; lastKnownFileType = sourcecode.c.h; path = YTVimeoExtractorOperation.h; sourceTree = "<group>"; };
		469611091C3DEE31007F2FC5 /* YTVimeoExtractorOperation.m */ = {isa = PBXFileReference; fileEncoding = 4; lastKnownFileType = sourcecode.c.objc; path = YTVimeoExtractorOperation.m; sourceTree = "<group>"; };
		4696110A1C3DEE31007F2FC5 /* YTVimeoURLParser.h */ = {isa = PBXFileReference; fileEncoding = 4; lastKnownFileType = sourcecode.c.h; path = YTVimeoURLParser.h; sourceTree = "<group>"; };
		4696110B1C3DEE31007F2FC5 /* YTVimeoURLParser.m */ = {isa = PBXFileReference; fileEncoding = 4; lastKnownFileType = sourcecode.c.objc; path = YTVimeoURLParser.m; sourceTree = "<group>"; };
		4696110C1C3DEE31007F2FC5 /* YTVimeoVideo.h */ = {isa = PBXFileReference; fileEncoding = 4; lastKnownFileType = sourcecode.c.h; path = YTVimeoVideo.h; sourceTree = "<group>"; };
		4696110D1C3DEE31007F2FC5 /* YTVimeoVideo.m */ = {isa = PBXFileReference; fileEncoding = 4; lastKnownFileType = sourcecode.c.objc; path = YTVimeoVideo.m; sourceTree = "<group>"; };
		469611131C42FEE3007F2FC5 /* StandardTableViewCell.h */ = {isa = PBXFileReference; fileEncoding = 4; lastKnownFileType = sourcecode.c.h; path = StandardTableViewCell.h; sourceTree = "<group>"; };
		469611141C42FEE3007F2FC5 /* StandardTableViewCell.m */ = {isa = PBXFileReference; fileEncoding = 4; lastKnownFileType = sourcecode.c.objc; path = StandardTableViewCell.m; sourceTree = "<group>"; };
		469611151C42FEE3007F2FC5 /* StandardTableViewCell.xib */ = {isa = PBXFileReference; fileEncoding = 4; lastKnownFileType = file.xib; path = StandardTableViewCell.xib; sourceTree = "<group>"; };
		683152401140A0F48D98ED0E /* Pods.debug.xcconfig */ = {isa = PBXFileReference; includeInIndex = 1; lastKnownFileType = text.xcconfig; name = Pods.debug.xcconfig; path = "Pods/Target Support Files/Pods/Pods.debug.xcconfig"; sourceTree = "<group>"; };
		B15F0C0B586ED9D6D24E6ED9 /* Pods.release.xcconfig */ = {isa = PBXFileReference; includeInIndex = 1; lastKnownFileType = text.xcconfig; name = Pods.release.xcconfig; path = "Pods/Target Support Files/Pods/Pods.release.xcconfig"; sourceTree = "<group>"; };
/* End PBXFileReference section */

/* Begin PBXFrameworksBuildPhase section */
		4607FC091C27C22E001AED71 /* Frameworks */ = {
			isa = PBXFrameworksBuildPhase;
			buildActionMask = 2147483647;
			files = (
				462FAA001C4B14CB000028F1 /* MapKit.framework in Frameworks */,
				469610FB1C3DED0D007F2FC5 /* AVKit.framework in Frameworks */,
				469610F91C3DED06007F2FC5 /* AVFoundation.framework in Frameworks */,
				469610F71C3DECF6007F2FC5 /* MediaPlayer.framework in Frameworks */,
				469610E91C3CD571007F2FC5 /* MessageUI.framework in Frameworks */,
				469610E71C3CD563007F2FC5 /* ImageIO.framework in Frameworks */,
				4607FC5A1C27CA8E001AED71 /* libsqlite3.tbd in Frameworks */,
				4607FC581C27CA78001AED71 /* libz.tbd in Frameworks */,
				4607FC561C27CA69001AED71 /* SystemConfiguration.framework in Frameworks */,
				4607FC541C27CA56001AED71 /* Security.framework in Frameworks */,
				4607FC521C27CA50001AED71 /* QuartzCore.framework in Frameworks */,
				4607FC501C27C98E001AED71 /* CoreLocation.framework in Frameworks */,
				4607FC4E1C27C987001AED71 /* CoreGraphics.framework in Frameworks */,
				4607FC4C1C27C973001AED71 /* CFNetwork.framework in Frameworks */,
				4607FC4A1C27C96E001AED71 /* AudioToolbox.framework in Frameworks */,
				4607FC481C27C281001AED71 /* Parse.framework in Frameworks */,
				4607FC461C27C262001AED71 /* Bolts.framework in Frameworks */,
				ACB0ACE8F1DA3327BC0EE659 /* libPods.a in Frameworks */,
			);
			runOnlyForDeploymentPostprocessing = 0;
		};
		4607FC251C27C22F001AED71 /* Frameworks */ = {
			isa = PBXFrameworksBuildPhase;
			buildActionMask = 2147483647;
			files = (
			);
			runOnlyForDeploymentPostprocessing = 0;
		};
		4607FC301C27C22F001AED71 /* Frameworks */ = {
			isa = PBXFrameworksBuildPhase;
			buildActionMask = 2147483647;
			files = (
			);
			runOnlyForDeploymentPostprocessing = 0;
		};
/* End PBXFrameworksBuildPhase section */

/* Begin PBXGroup section */
		4607FC031C27C22E001AED71 = {
			isa = PBXGroup;
			children = (
				4607FC5C1C28B958001AED71 /* Frameworks */,
				4607FC0E1C27C22E001AED71 /* DreamOutsideTheBox */,
				4607FC691C28E7D6001AED71 /* Images */,
				4607FC2B1C27C22F001AED71 /* DreamOutsideTheBoxTests */,
				4607FC361C27C22F001AED71 /* DreamOutsideTheBoxUITests */,
				4607FC0D1C27C22E001AED71 /* Products */,
				E68DD166FFB0906929611A1B /* Pods */,
			);
			sourceTree = "<group>";
		};
		4607FC0D1C27C22E001AED71 /* Products */ = {
			isa = PBXGroup;
			children = (
				4607FC0C1C27C22E001AED71 /* DreamOutsideTheBox.app */,
				4607FC281C27C22F001AED71 /* DreamOutsideTheBoxTests.xctest */,
				4607FC331C27C22F001AED71 /* DreamOutsideTheBoxUITests.xctest */,
			);
			name = Products;
			sourceTree = "<group>";
		};
		4607FC0E1C27C22E001AED71 /* DreamOutsideTheBox */ = {
			isa = PBXGroup;
			children = (
				469611121C42FE8A007F2FC5 /* Training Details */,
				4607FC7D1C35F483001AED71 /* Utilities */,
				4607FC121C27C22E001AED71 /* AppDelegate.h */,
				4607FC131C27C22E001AED71 /* AppDelegate.m */,
				4607FC181C27C22E001AED71 /* Main.storyboard */,
				4607FC6A1C28F084001AED71 /* Login/Signup */,
				4607FC6B1C28F09F001AED71 /* Tab Bar View Controllers */,
				4607FC1E1C27C22E001AED71 /* Assets.xcassets */,
				469611131C42FEE3007F2FC5 /* StandardTableViewCell.h */,
				469611141C42FEE3007F2FC5 /* StandardTableViewCell.m */,
				469611151C42FEE3007F2FC5 /* StandardTableViewCell.xib */,
				4607FC201C27C22E001AED71 /* LaunchScreen.storyboard */,
				4607FC231C27C22E001AED71 /* Info.plist */,
				4607FC1B1C27C22E001AED71 /* DreamOutsideTheBox.xcdatamodeld */,
				4607FC0F1C27C22E001AED71 /* Supporting Files */,
				462FA9FC1C4B10FC000028F1 /* EventDetailView.h */,
				462FA9FD1C4B10FC000028F1 /* EventDetailView.m */,
			);
			path = DreamOutsideTheBox;
			sourceTree = "<group>";
		};
		4607FC0F1C27C22E001AED71 /* Supporting Files */ = {
			isa = PBXGroup;
			children = (
				4607FC101C27C22E001AED71 /* main.m */,
			);
			name = "Supporting Files";
			sourceTree = "<group>";
		};
		4607FC2B1C27C22F001AED71 /* DreamOutsideTheBoxTests */ = {
			isa = PBXGroup;
			children = (
				4607FC2C1C27C22F001AED71 /* DreamOutsideTheBoxTests.m */,
				4607FC2E1C27C22F001AED71 /* Info.plist */,
			);
			path = DreamOutsideTheBoxTests;
			sourceTree = "<group>";
		};
		4607FC361C27C22F001AED71 /* DreamOutsideTheBoxUITests */ = {
			isa = PBXGroup;
			children = (
				4607FC371C27C22F001AED71 /* DreamOutsideTheBoxUITests.m */,
				4607FC391C27C22F001AED71 /* Info.plist */,
			);
			path = DreamOutsideTheBoxUITests;
			sourceTree = "<group>";
		};
		4607FC5C1C28B958001AED71 /* Frameworks */ = {
			isa = PBXGroup;
			children = (
				462FA9FF1C4B14CB000028F1 /* MapKit.framework */,
				469610FA1C3DED0D007F2FC5 /* AVKit.framework */,
				469610F81C3DED06007F2FC5 /* AVFoundation.framework */,
				469610F61C3DECF6007F2FC5 /* MediaPlayer.framework */,
				469610E81C3CD571007F2FC5 /* MessageUI.framework */,
				469610E61C3CD563007F2FC5 /* ImageIO.framework */,
				4607FC591C27CA8E001AED71 /* libsqlite3.tbd */,
				4607FC571C27CA78001AED71 /* libz.tbd */,
				4607FC451C27C262001AED71 /* Bolts.framework */,
				4607FC471C27C281001AED71 /* Parse.framework */,
				4607FC551C27CA69001AED71 /* SystemConfiguration.framework */,
				4607FC531C27CA56001AED71 /* Security.framework */,
				4607FC511C27CA50001AED71 /* QuartzCore.framework */,
				4607FC4F1C27C98E001AED71 /* CoreLocation.framework */,
				4607FC4D1C27C987001AED71 /* CoreGraphics.framework */,
				4607FC4B1C27C973001AED71 /* CFNetwork.framework */,
				4607FC491C27C96E001AED71 /* AudioToolbox.framework */,
				3A9DF73E25A02D384346CA08 /* libPods.a */,
			);
			name = Frameworks;
			sourceTree = "<group>";
		};
		4607FC691C28E7D6001AED71 /* Images */ = {
			isa = PBXGroup;
			children = (
				469610EF1C3DDC4F007F2FC5 /* JQAQuotePic.jpg */,
				4607FC7B1C35CD02001AED71 /* cancelIcon.png */,
				4607FC661C28E7BA001AED71 /* DOTB-02.png */,
			);
			name = Images;
			sourceTree = "<group>";
		};
		4607FC6A1C28F084001AED71 /* Login/Signup */ = {
			isa = PBXGroup;
			children = (
				4607FC5D1C28BDB9001AED71 /* LoginViewController.h */,
				4607FC5E1C28BDB9001AED71 /* LoginViewController.m */,
				4607FC601C28BDD2001AED71 /* SignUpViewController.h */,
				4607FC611C28BDD2001AED71 /* SignUpViewController.m */,
			);
			name = Login/Signup;
			sourceTree = "<group>";
		};
		4607FC6B1C28F09F001AED71 /* Tab Bar View Controllers */ = {
			isa = PBXGroup;
			children = (
				4607FC6C1C28F0EC001AED71 /* TrainingViewController.h */,
				4607FC6D1C28F0EC001AED71 /* TrainingViewController.m */,
				4607FC6F1C28F102001AED71 /* CalendarViewController.h */,
				4607FC701C28F102001AED71 /* CalendarViewController.m */,
				4607FC721C28F13A001AED71 /* FormsViewController.h */,
				4607FC731C28F13B001AED71 /* FormsViewController.m */,
				4607FC751C28F176001AED71 /* CurriculumViewController.h */,
				4607FC761C28F176001AED71 /* CurriculumViewController.m */,
				4607FC781C28F18E001AED71 /* MoreViewController.h */,
				4607FC791C28F18E001AED71 /* MoreViewController.m */,
			);
			name = "Tab Bar View Controllers";
			sourceTree = "<group>";
		};
		4607FC7D1C35F483001AED71 /* Utilities */ = {
			isa = PBXGroup;
			children = (
				469611051C3DEE31007F2FC5 /* YTVimeoError.h */,
				469611061C3DEE31007F2FC5 /* YTVimeoExtractor.h */,
				469611071C3DEE31007F2FC5 /* YTVimeoExtractor.m */,
				469611081C3DEE31007F2FC5 /* YTVimeoExtractorOperation.h */,
				469611091C3DEE31007F2FC5 /* YTVimeoExtractorOperation.m */,
				4696110A1C3DEE31007F2FC5 /* YTVimeoURLParser.h */,
				4696110B1C3DEE31007F2FC5 /* YTVimeoURLParser.m */,
				4696110C1C3DEE31007F2FC5 /* YTVimeoVideo.h */,
				4696110D1C3DEE31007F2FC5 /* YTVimeoVideo.m */,
				4607FC7E1C35F4B3001AED71 /* ValidateEmail.h */,
				4607FC7F1C35F4B3001AED71 /* ValidateEmail.m */,
			);
			name = Utilities;
			sourceTree = "<group>";
		};
		469611121C42FE8A007F2FC5 /* Training Details */ = {
			isa = PBXGroup;
			children = (
				4607FC631C28BE10001AED71 /* QuizViewController.h */,
				4607FC641C28BE10001AED71 /* QuizViewController.m */,
				469610F11C3DE54B007F2FC5 /* VideosViewController.h */,
				469610F21C3DE54B007F2FC5 /* VideosViewController.m */,
				462FA9F61C4750D6000028F1 /* SingleQuizViewController.h */,
				462FA9F71C4750D6000028F1 /* SingleQuizViewController.m */,
				462FA9F91C4AE31C000028F1 /* CreateQuizViewController.h */,
				462FA9FA1C4AE31D000028F1 /* CreateQuizViewController.m */,
			);
			name = "Training Details";
			sourceTree = "<group>";
		};
		E68DD166FFB0906929611A1B /* Pods */ = {
			isa = PBXGroup;
			children = (
				683152401140A0F48D98ED0E /* Pods.debug.xcconfig */,
				B15F0C0B586ED9D6D24E6ED9 /* Pods.release.xcconfig */,
			);
			name = Pods;
			sourceTree = "<group>";
		};
/* End PBXGroup section */

/* Begin PBXNativeTarget section */
		4607FC0B1C27C22E001AED71 /* DreamOutsideTheBox */ = {
			isa = PBXNativeTarget;
			buildConfigurationList = 4607FC3C1C27C22F001AED71 /* Build configuration list for PBXNativeTarget "DreamOutsideTheBox" */;
			buildPhases = (
				D293185B341EE0D9F789D17F /* Check Pods Manifest.lock */,
				4607FC081C27C22E001AED71 /* Sources */,
				4607FC091C27C22E001AED71 /* Frameworks */,
				4607FC0A1C27C22E001AED71 /* Resources */,
				ADE6F2D19A05D582D6C24BAB /* Embed Pods Frameworks */,
				B45D510C61CAF716645EAE8B /* Copy Pods Resources */,
			);
			buildRules = (
			);
			dependencies = (
			);
			name = DreamOutsideTheBox;
			productName = DreamOutsideTheBox;
			productReference = 4607FC0C1C27C22E001AED71 /* DreamOutsideTheBox.app */;
			productType = "com.apple.product-type.application";
		};
		4607FC271C27C22F001AED71 /* DreamOutsideTheBoxTests */ = {
			isa = PBXNativeTarget;
			buildConfigurationList = 4607FC3F1C27C22F001AED71 /* Build configuration list for PBXNativeTarget "DreamOutsideTheBoxTests" */;
			buildPhases = (
				4607FC241C27C22F001AED71 /* Sources */,
				4607FC251C27C22F001AED71 /* Frameworks */,
				4607FC261C27C22F001AED71 /* Resources */,
			);
			buildRules = (
			);
			dependencies = (
				4607FC2A1C27C22F001AED71 /* PBXTargetDependency */,
			);
			name = DreamOutsideTheBoxTests;
			productName = DreamOutsideTheBoxTests;
			productReference = 4607FC281C27C22F001AED71 /* DreamOutsideTheBoxTests.xctest */;
			productType = "com.apple.product-type.bundle.unit-test";
		};
		4607FC321C27C22F001AED71 /* DreamOutsideTheBoxUITests */ = {
			isa = PBXNativeTarget;
			buildConfigurationList = 4607FC421C27C22F001AED71 /* Build configuration list for PBXNativeTarget "DreamOutsideTheBoxUITests" */;
			buildPhases = (
				4607FC2F1C27C22F001AED71 /* Sources */,
				4607FC301C27C22F001AED71 /* Frameworks */,
				4607FC311C27C22F001AED71 /* Resources */,
			);
			buildRules = (
			);
			dependencies = (
				4607FC351C27C22F001AED71 /* PBXTargetDependency */,
			);
			name = DreamOutsideTheBoxUITests;
			productName = DreamOutsideTheBoxUITests;
			productReference = 4607FC331C27C22F001AED71 /* DreamOutsideTheBoxUITests.xctest */;
			productType = "com.apple.product-type.bundle.ui-testing";
		};
/* End PBXNativeTarget section */

/* Begin PBXProject section */
		4607FC041C27C22E001AED71 /* Project object */ = {
			isa = PBXProject;
			attributes = {
				LastUpgradeCheck = 0710;
				ORGANIZATIONNAME = "Courtney Bohrer";
				TargetAttributes = {
					4607FC0B1C27C22E001AED71 = {
						CreatedOnToolsVersion = 7.1.1;
						DevelopmentTeam = 4S55DFZ73J;
					};
					4607FC271C27C22F001AED71 = {
						CreatedOnToolsVersion = 7.1.1;
						TestTargetID = 4607FC0B1C27C22E001AED71;
					};
					4607FC321C27C22F001AED71 = {
						CreatedOnToolsVersion = 7.1.1;
						TestTargetID = 4607FC0B1C27C22E001AED71;
					};
				};
			};
			buildConfigurationList = 4607FC071C27C22E001AED71 /* Build configuration list for PBXProject "DreamOutsideTheBox" */;
			compatibilityVersion = "Xcode 3.2";
			developmentRegion = English;
			hasScannedForEncodings = 0;
			knownRegions = (
				en,
				Base,
			);
			mainGroup = 4607FC031C27C22E001AED71;
			productRefGroup = 4607FC0D1C27C22E001AED71 /* Products */;
			projectDirPath = "";
			projectRoot = "";
			targets = (
				4607FC0B1C27C22E001AED71 /* DreamOutsideTheBox */,
				4607FC271C27C22F001AED71 /* DreamOutsideTheBoxTests */,
				4607FC321C27C22F001AED71 /* DreamOutsideTheBoxUITests */,
			);
		};
/* End PBXProject section */

/* Begin PBXResourcesBuildPhase section */
		4607FC0A1C27C22E001AED71 /* Resources */ = {
			isa = PBXResourcesBuildPhase;
			buildActionMask = 2147483647;
			files = (
				4607FC221C27C22E001AED71 /* LaunchScreen.storyboard in Resources */,
				4607FC1F1C27C22E001AED71 /* Assets.xcassets in Resources */,
				4607FC671C28E7BA001AED71 /* DOTB-02.png in Resources */,
				469611171C42FEE3007F2FC5 /* StandardTableViewCell.xib in Resources */,
				4607FC7C1C35CD02001AED71 /* cancelIcon.png in Resources */,
				4607FC1A1C27C22E001AED71 /* Main.storyboard in Resources */,
				469610F01C3DDC4F007F2FC5 /* JQAQuotePic.jpg in Resources */,
			);
			runOnlyForDeploymentPostprocessing = 0;
		};
		4607FC261C27C22F001AED71 /* Resources */ = {
			isa = PBXResourcesBuildPhase;
			buildActionMask = 2147483647;
			files = (
			);
			runOnlyForDeploymentPostprocessing = 0;
		};
		4607FC311C27C22F001AED71 /* Resources */ = {
			isa = PBXResourcesBuildPhase;
			buildActionMask = 2147483647;
			files = (
			);
			runOnlyForDeploymentPostprocessing = 0;
		};
/* End PBXResourcesBuildPhase section */

/* Begin PBXShellScriptBuildPhase section */
		ADE6F2D19A05D582D6C24BAB /* Embed Pods Frameworks */ = {
			isa = PBXShellScriptBuildPhase;
			buildActionMask = 2147483647;
			files = (
			);
			inputPaths = (
			);
			name = "Embed Pods Frameworks";
			outputPaths = (
			);
			runOnlyForDeploymentPostprocessing = 0;
			shellPath = /bin/sh;
			shellScript = "\"${SRCROOT}/Pods/Target Support Files/Pods/Pods-frameworks.sh\"\n";
			showEnvVarsInLog = 0;
		};
		B45D510C61CAF716645EAE8B /* Copy Pods Resources */ = {
			isa = PBXShellScriptBuildPhase;
			buildActionMask = 2147483647;
			files = (
			);
			inputPaths = (
			);
			name = "Copy Pods Resources";
			outputPaths = (
			);
			runOnlyForDeploymentPostprocessing = 0;
			shellPath = /bin/sh;
			shellScript = "\"${SRCROOT}/Pods/Target Support Files/Pods/Pods-resources.sh\"\n";
			showEnvVarsInLog = 0;
		};
		D293185B341EE0D9F789D17F /* Check Pods Manifest.lock */ = {
			isa = PBXShellScriptBuildPhase;
			buildActionMask = 2147483647;
			files = (
			);
			inputPaths = (
			);
			name = "Check Pods Manifest.lock";
			outputPaths = (
			);
			runOnlyForDeploymentPostprocessing = 0;
			shellPath = /bin/sh;
			shellScript = "diff \"${PODS_ROOT}/../Podfile.lock\" \"${PODS_ROOT}/Manifest.lock\" > /dev/null\nif [[ $? != 0 ]] ; then\n    cat << EOM\nerror: The sandbox is not in sync with the Podfile.lock. Run 'pod install' or update your CocoaPods installation.\nEOM\n    exit 1\nfi\n";
			showEnvVarsInLog = 0;
		};
/* End PBXShellScriptBuildPhase section */

/* Begin PBXSourcesBuildPhase section */
		4607FC081C27C22E001AED71 /* Sources */ = {
			isa = PBXSourcesBuildPhase;
			buildActionMask = 2147483647;
			files = (
				4607FC141C27C22E001AED71 /* AppDelegate.m in Sources */,
				462FA9FB1C4AE31D000028F1 /* CreateQuizViewController.m in Sources */,
				4607FC621C28BDD2001AED71 /* SignUpViewController.m in Sources */,
				4696110F1C3DEE31007F2FC5 /* YTVimeoExtractorOperation.m in Sources */,
				4607FC651C28BE10001AED71 /* QuizViewController.m in Sources */,
				4607FC111C27C22E001AED71 /* main.m in Sources */,
				4607FC711C28F102001AED71 /* CalendarViewController.m in Sources */,
				4607FC6E1C28F0EC001AED71 /* TrainingViewController.m in Sources */,
				4607FC1D1C27C22E001AED71 /* DreamOutsideTheBox.xcdatamodeld in Sources */,
				469611111C3DEE31007F2FC5 /* YTVimeoVideo.m in Sources */,
				4607FC771C28F176001AED71 /* CurriculumViewController.m in Sources */,
				469611161C42FEE3007F2FC5 /* StandardTableViewCell.m in Sources */,
				4607FC801C35F4B3001AED71 /* ValidateEmail.m in Sources */,
				469611101C3DEE31007F2FC5 /* YTVimeoURLParser.m in Sources */,
				469610F31C3DE54B007F2FC5 /* VideosViewController.m in Sources */,
				4696110E1C3DEE31007F2FC5 /* YTVimeoExtractor.m in Sources */,
				4607FC741C28F13B001AED71 /* FormsViewController.m in Sources */,
				4607FC7A1C28F18E001AED71 /* MoreViewController.m in Sources */,
				462FA9F81C4750D6000028F1 /* SingleQuizViewController.m in Sources */,
				4607FC5F1C28BDB9001AED71 /* LoginViewController.m in Sources */,
				462FA9FE1C4B10FC000028F1 /* EventDetailView.m in Sources */,
			);
			runOnlyForDeploymentPostprocessing = 0;
		};
		4607FC241C27C22F001AED71 /* Sources */ = {
			isa = PBXSourcesBuildPhase;
			buildActionMask = 2147483647;
			files = (
				4607FC2D1C27C22F001AED71 /* DreamOutsideTheBoxTests.m in Sources */,
			);
			runOnlyForDeploymentPostprocessing = 0;
		};
		4607FC2F1C27C22F001AED71 /* Sources */ = {
			isa = PBXSourcesBuildPhase;
			buildActionMask = 2147483647;
			files = (
				4607FC381C27C22F001AED71 /* DreamOutsideTheBoxUITests.m in Sources */,
			);
			runOnlyForDeploymentPostprocessing = 0;
		};
/* End PBXSourcesBuildPhase section */

/* Begin PBXTargetDependency section */
		4607FC2A1C27C22F001AED71 /* PBXTargetDependency */ = {
			isa = PBXTargetDependency;
			target = 4607FC0B1C27C22E001AED71 /* DreamOutsideTheBox */;
			targetProxy = 4607FC291C27C22F001AED71 /* PBXContainerItemProxy */;
		};
		4607FC351C27C22F001AED71 /* PBXTargetDependency */ = {
			isa = PBXTargetDependency;
			target = 4607FC0B1C27C22E001AED71 /* DreamOutsideTheBox */;
			targetProxy = 4607FC341C27C22F001AED71 /* PBXContainerItemProxy */;
		};
/* End PBXTargetDependency section */

/* Begin PBXVariantGroup section */
		4607FC181C27C22E001AED71 /* Main.storyboard */ = {
			isa = PBXVariantGroup;
			children = (
				4607FC191C27C22E001AED71 /* Base */,
			);
			name = Main.storyboard;
			sourceTree = "<group>";
		};
		4607FC201C27C22E001AED71 /* LaunchScreen.storyboard */ = {
			isa = PBXVariantGroup;
			children = (
				4607FC211C27C22E001AED71 /* Base */,
			);
			name = LaunchScreen.storyboard;
			sourceTree = "<group>";
		};
/* End PBXVariantGroup section */

/* Begin XCBuildConfiguration section */
		4607FC3A1C27C22F001AED71 /* Debug */ = {
			isa = XCBuildConfiguration;
			buildSettings = {
				ALWAYS_SEARCH_USER_PATHS = NO;
				CLANG_CXX_LANGUAGE_STANDARD = "gnu++0x";
				CLANG_CXX_LIBRARY = "libc++";
				CLANG_ENABLE_MODULES = YES;
				CLANG_ENABLE_OBJC_ARC = YES;
				CLANG_WARN_BOOL_CONVERSION = YES;
				CLANG_WARN_CONSTANT_CONVERSION = YES;
				CLANG_WARN_DIRECT_OBJC_ISA_USAGE = YES_ERROR;
				CLANG_WARN_EMPTY_BODY = YES;
				CLANG_WARN_ENUM_CONVERSION = YES;
				CLANG_WARN_INT_CONVERSION = YES;
				CLANG_WARN_OBJC_ROOT_CLASS = YES_ERROR;
				CLANG_WARN_UNREACHABLE_CODE = YES;
				CLANG_WARN__DUPLICATE_METHOD_MATCH = YES;
				"CODE_SIGN_IDENTITY[sdk=iphoneos*]" = "iPhone Developer";
				COPY_PHASE_STRIP = NO;
				DEBUG_INFORMATION_FORMAT = dwarf;
				ENABLE_STRICT_OBJC_MSGSEND = YES;
				ENABLE_TESTABILITY = YES;
				GCC_C_LANGUAGE_STANDARD = gnu99;
				GCC_DYNAMIC_NO_PIC = NO;
				GCC_NO_COMMON_BLOCKS = YES;
				GCC_OPTIMIZATION_LEVEL = 0;
				GCC_PREPROCESSOR_DEFINITIONS = (
					"DEBUG=1",
					"$(inherited)",
				);
				GCC_WARN_64_TO_32_BIT_CONVERSION = YES;
				GCC_WARN_ABOUT_RETURN_TYPE = YES_ERROR;
				GCC_WARN_UNDECLARED_SELECTOR = YES;
				GCC_WARN_UNINITIALIZED_AUTOS = YES_AGGRESSIVE;
				GCC_WARN_UNUSED_FUNCTION = YES;
				GCC_WARN_UNUSED_VARIABLE = YES;
				IPHONEOS_DEPLOYMENT_TARGET = 9.1;
				MTL_ENABLE_DEBUG_INFO = YES;
				ONLY_ACTIVE_ARCH = YES;
				SDKROOT = iphoneos;
			};
			name = Debug;
		};
		4607FC3B1C27C22F001AED71 /* Release */ = {
			isa = XCBuildConfiguration;
			buildSettings = {
				ALWAYS_SEARCH_USER_PATHS = NO;
				CLANG_CXX_LANGUAGE_STANDARD = "gnu++0x";
				CLANG_CXX_LIBRARY = "libc++";
				CLANG_ENABLE_MODULES = YES;
				CLANG_ENABLE_OBJC_ARC = YES;
				CLANG_WARN_BOOL_CONVERSION = YES;
				CLANG_WARN_CONSTANT_CONVERSION = YES;
				CLANG_WARN_DIRECT_OBJC_ISA_USAGE = YES_ERROR;
				CLANG_WARN_EMPTY_BODY = YES;
				CLANG_WARN_ENUM_CONVERSION = YES;
				CLANG_WARN_INT_CONVERSION = YES;
				CLANG_WARN_OBJC_ROOT_CLASS = YES_ERROR;
				CLANG_WARN_UNREACHABLE_CODE = YES;
				CLANG_WARN__DUPLICATE_METHOD_MATCH = YES;
				"CODE_SIGN_IDENTITY[sdk=iphoneos*]" = "iPhone Developer";
				COPY_PHASE_STRIP = NO;
				DEBUG_INFORMATION_FORMAT = "dwarf-with-dsym";
				ENABLE_NS_ASSERTIONS = NO;
				ENABLE_STRICT_OBJC_MSGSEND = YES;
				GCC_C_LANGUAGE_STANDARD = gnu99;
				GCC_NO_COMMON_BLOCKS = YES;
				GCC_WARN_64_TO_32_BIT_CONVERSION = YES;
				GCC_WARN_ABOUT_RETURN_TYPE = YES_ERROR;
				GCC_WARN_UNDECLARED_SELECTOR = YES;
				GCC_WARN_UNINITIALIZED_AUTOS = YES_AGGRESSIVE;
				GCC_WARN_UNUSED_FUNCTION = YES;
				GCC_WARN_UNUSED_VARIABLE = YES;
				IPHONEOS_DEPLOYMENT_TARGET = 9.1;
				MTL_ENABLE_DEBUG_INFO = NO;
				SDKROOT = iphoneos;
				VALIDATE_PRODUCT = YES;
			};
			name = Release;
		};
		4607FC3D1C27C22F001AED71 /* Debug */ = {
			isa = XCBuildConfiguration;
			baseConfigurationReference = 683152401140A0F48D98ED0E /* Pods.debug.xcconfig */;
			buildSettings = {
				ASSETCATALOG_COMPILER_APPICON_NAME = AppIcon;
				CODE_SIGN_IDENTITY = "iPhone Developer";
				FRAMEWORK_SEARCH_PATHS = (
					"$(inherited)",
					"$(PROJECT_DIR)/DreamOutsideTheBox",
				);
				INFOPLIST_FILE = DreamOutsideTheBox/Info.plist;
				IPHONEOS_DEPLOYMENT_TARGET = 7.0;
				LD_RUNPATH_SEARCH_PATHS = "$(inherited) @executable_path/Frameworks";
				PRODUCT_BUNDLE_IDENTIFIER = com.cbohrer.DreamOutsideTheBox;
				PRODUCT_NAME = "$(TARGET_NAME)";
			};
			name = Debug;
		};
		4607FC3E1C27C22F001AED71 /* Release */ = {
			isa = XCBuildConfiguration;
			baseConfigurationReference = B15F0C0B586ED9D6D24E6ED9 /* Pods.release.xcconfig */;
			buildSettings = {
				ASSETCATALOG_COMPILER_APPICON_NAME = AppIcon;
				CODE_SIGN_IDENTITY = "iPhone Developer";
				FRAMEWORK_SEARCH_PATHS = (
					"$(inherited)",
					"$(PROJECT_DIR)/DreamOutsideTheBox",
				);
				INFOPLIST_FILE = DreamOutsideTheBox/Info.plist;
				IPHONEOS_DEPLOYMENT_TARGET = 7.0;
				LD_RUNPATH_SEARCH_PATHS = "$(inherited) @executable_path/Frameworks";
				PRODUCT_BUNDLE_IDENTIFIER = com.cbohrer.DreamOutsideTheBox;
				PRODUCT_NAME = "$(TARGET_NAME)";
			};
			name = Release;
		};
		4607FC401C27C22F001AED71 /* Debug */ = {
			isa = XCBuildConfiguration;
			buildSettings = {
				BUNDLE_LOADER = "$(TEST_HOST)";
				INFOPLIST_FILE = DreamOutsideTheBoxTests/Info.plist;
				LD_RUNPATH_SEARCH_PATHS = "$(inherited) @executable_path/Frameworks @loader_path/Frameworks";
				PRODUCT_BUNDLE_IDENTIFIER = com.cbohrer.DreamOutsideTheBoxTests;
				PRODUCT_NAME = "$(TARGET_NAME)";
				TEST_HOST = "$(BUILT_PRODUCTS_DIR)/DreamOutsideTheBox.app/DreamOutsideTheBox";
			};
			name = Debug;
		};
		4607FC411C27C22F001AED71 /* Release */ = {
			isa = XCBuildConfiguration;
			buildSettings = {
				BUNDLE_LOADER = "$(TEST_HOST)";
				INFOPLIST_FILE = DreamOutsideTheBoxTests/Info.plist;
				LD_RUNPATH_SEARCH_PATHS = "$(inherited) @executable_path/Frameworks @loader_path/Frameworks";
				PRODUCT_BUNDLE_IDENTIFIER = com.cbohrer.DreamOutsideTheBoxTests;
				PRODUCT_NAME = "$(TARGET_NAME)";
				TEST_HOST = "$(BUILT_PRODUCTS_DIR)/DreamOutsideTheBox.app/DreamOutsideTheBox";
			};
			name = Release;
		};
		4607FC431C27C22F001AED71 /* Debug */ = {
			isa = XCBuildConfiguration;
			buildSettings = {
				INFOPLIST_FILE = DreamOutsideTheBoxUITests/Info.plist;
				LD_RUNPATH_SEARCH_PATHS = "$(inherited) @executable_path/Frameworks @loader_path/Frameworks";
				PRODUCT_BUNDLE_IDENTIFIER = com.cbohrer.DreamOutsideTheBoxUITests;
				PRODUCT_NAME = "$(TARGET_NAME)";
				TEST_TARGET_NAME = DreamOutsideTheBox;
				USES_XCTRUNNER = YES;
			};
			name = Debug;
		};
		4607FC441C27C22F001AED71 /* Release */ = {
			isa = XCBuildConfiguration;
			buildSettings = {
				INFOPLIST_FILE = DreamOutsideTheBoxUITests/Info.plist;
				LD_RUNPATH_SEARCH_PATHS = "$(inherited) @executable_path/Frameworks @loader_path/Frameworks";
				PRODUCT_BUNDLE_IDENTIFIER = com.cbohrer.DreamOutsideTheBoxUITests;
				PRODUCT_NAME = "$(TARGET_NAME)";
				TEST_TARGET_NAME = DreamOutsideTheBox;
				USES_XCTRUNNER = YES;
			};
			name = Release;
		};
/* End XCBuildConfiguration section */

/* Begin XCConfigurationList section */
		4607FC071C27C22E001AED71 /* Build configuration list for PBXProject "DreamOutsideTheBox" */ = {
			isa = XCConfigurationList;
			buildConfigurations = (
				4607FC3A1C27C22F001AED71 /* Debug */,
				4607FC3B1C27C22F001AED71 /* Release */,
			);
			defaultConfigurationIsVisible = 0;
			defaultConfigurationName = Release;
		};
		4607FC3C1C27C22F001AED71 /* Build configuration list for PBXNativeTarget "DreamOutsideTheBox" */ = {
			isa = XCConfigurationList;
			buildConfigurations = (
				4607FC3D1C27C22F001AED71 /* Debug */,
				4607FC3E1C27C22F001AED71 /* Release */,
			);
			defaultConfigurationIsVisible = 0;
			defaultConfigurationName = Release;
		};
		4607FC3F1C27C22F001AED71 /* Build configuration list for PBXNativeTarget "DreamOutsideTheBoxTests" */ = {
			isa = XCConfigurationList;
			buildConfigurations = (
				4607FC401C27C22F001AED71 /* Debug */,
				4607FC411C27C22F001AED71 /* Release */,
			);
			defaultConfigurationIsVisible = 0;
			defaultConfigurationName = Release;
		};
		4607FC421C27C22F001AED71 /* Build configuration list for PBXNativeTarget "DreamOutsideTheBoxUITests" */ = {
			isa = XCConfigurationList;
			buildConfigurations = (
				4607FC431C27C22F001AED71 /* Debug */,
				4607FC441C27C22F001AED71 /* Release */,
			);
			defaultConfigurationIsVisible = 0;
			defaultConfigurationName = Release;
		};
/* End XCConfigurationList section */

/* Begin XCVersionGroup section */
		4607FC1B1C27C22E001AED71 /* DreamOutsideTheBox.xcdatamodeld */ = {
			isa = XCVersionGroup;
			children = (
				4607FC1C1C27C22E001AED71 /* DreamOutsideTheBox.xcdatamodel */,
			);
			currentVersion = 4607FC1C1C27C22E001AED71 /* DreamOutsideTheBox.xcdatamodel */;
			path = DreamOutsideTheBox.xcdatamodeld;
			sourceTree = "<group>";
			versionGroupType = wrapper.xcdatamodel;
		};
/* End XCVersionGroup section */
	};
	rootObject = 4607FC041C27C22E001AED71 /* Project object */;
}
